
Microsoft Visual Studio Solution File, Format Version 12.00
# Visual Studio Version 17
VisualStudioVersion = 17.1.32328.378
MinimumVisualStudioVersion = 10.0.40219.1
Project("{FAE04EC0-301F-11D3-BF4B-00C04F79EFBC}") = "Constructor (Kurucu) Metotlar", "Constructor (Kurucu) Metotlar\Constructor (Kurucu) Metotlar.csproj", "{6E2D54B8-D2F9-4153-8D08-55B51B3B64A9}"
EndProject
Global
	GlobalSection(SolutionConfigurationPlatforms) = preSolution
		Debug|Any CPU = Debug|Any CPU
		Release|Any CPU = Release|Any CPU
	EndGlobalSection
	GlobalSection(ProjectConfigurationPlatforms) = postSolution
		{6E2D54B8-D2F9-4153-8D08-55B51B3B64A9}.Debug|Any CPU.ActiveCfg = Debug|Any CPU
		{6E2D54B8-D2F9-4153-8D08-55B51B3B64A9}.Debug|Any CPU.Build.0 = Debug|Any CPU
		{6E2D54B8-D2F9-4153-8D08-55B51B3B64A9}.Release|Any CPU.ActiveCfg = Release|Any CPU
		{6E2D54B8-D2F9-4153-8D08-55B51B3B64A9}.Release|Any CPU.Build.0 = Release|Any CPU
	EndGlobalSection
	GlobalSection(SolutionProperties) = preSolution
		HideSolutionNode = FALSE
	EndGlobalSection
	GlobalSection(ExtensibilityGlobals) = postSolution
		SolutionGuid = {F55AD9F6-DB95-48DD-9CB6-0D8E2FA31D9A}
	EndGlobalSection
EndGlobal
